
Microsoft Visual Studio Solution File, Format Version 12.00
# Visual Studio Version 17
VisualStudioVersion = 17.0.31912.275
MinimumVisualStudioVersion = 10.0.40219.1
Project("{9A19103F-16F7-4668-BE54-9A1E7A4F7556}") = "DisneyInformationSystem.ConsoleUI", "DisneyInformationSystem.ConsoleUI\DisneyInformationSystem.ConsoleUI.csproj", "{D8BCB4FC-32B2-4266-8AF6-D1F041199E49}"
EndProject
Project("{2150E333-8FDC-42A3-9474-1A3956D46DE8}") = "User Interface", "User Interface", "{A795C173-80F0-4581-B615-7E8E89660455}"
EndProject
Project("{2150E333-8FDC-42A3-9474-1A3956D46DE8}") = "Business", "Business", "{9B4A0B38-FD19-477F-AA1D-9EA6A338BD1F}"
EndProject
Project("{2150E333-8FDC-42A3-9474-1A3956D46DE8}") = "Tests", "Tests", "{2A81E8EA-9453-4BE4-A932-5C8490F0DB74}"
EndProject
Project("{9A19103F-16F7-4668-BE54-9A1E7A4F7556}") = "DisneyInformationSystem.Business", "DisneyInformationSystem.Business\DisneyInformationSystem.Business.csproj", "{96EA266A-5B21-41A5-B1FB-CF5446D82FCE}"
EndProject
Project("{2150E333-8FDC-42A3-9474-1A3956D46DE8}") = "MSTests", "MSTests", "{3B787139-B6EE-4B1F-AEB6-780765D8473C}"
EndProject
Project("{9A19103F-16F7-4668-BE54-9A1E7A4F7556}") = "DisneyInformationSystem.Business.MSTests", "DisneyInformationSystem.Business.MSTests\DisneyInformationSystem.Business.MSTests.csproj", "{34BE8943-1CF1-4F1B-A9A5-BDB665B642B1}"
EndProject
Project("{9A19103F-16F7-4668-BE54-9A1E7A4F7556}") = "Testing.Shared", "Testing.Shared\Testing.Shared.csproj", "{992D5B15-424E-4573-B37A-B0028BB909C3}"
EndProject
Project("{9A19103F-16F7-4668-BE54-9A1E7A4F7556}") = "DisneyInformationSystem.ConsoleUI.MSTests", "DisneyInformationSystem.ConsoleUI.MSTests\DisneyInformationSystem.ConsoleUI.MSTests.csproj", "{CFFF780F-21CE-4946-A78A-DEEDD44FFC4F}"
EndProject
Project("{9A19103F-16F7-4668-BE54-9A1E7A4F7556}") = "DisneyInformationSystem.WindowsForm", "DisneyInformationSystem.WindowsForm\DisneyInformationSystem.WindowsForm.csproj", "{3B6C1EB8-97D7-4FB1-8E3F-56C0ABB7C67D}"
EndProject
Project("{9A19103F-16F7-4668-BE54-9A1E7A4F7556}") = "DisneyInformationSystem.WindowsForm.MSTests", "DisneyInformationSystem.WindowsForm.MSTests\DisneyInformationSystem.WindowsForm.MSTests.csproj", "{95DBC7AA-3C65-4A0A-A843-72BDF18A146E}"
EndProject
Project("{00D1A9C2-B5F0-4AF3-8072-F6C62B433612}") = "DisApplicationDatabase", "DisApplicationDatabase\DisApplicationDatabase.sqlproj", "{199130F8-E105-4703-ABD5-BAA0267EF842}"
EndProject
Global
	GlobalSection(SolutionConfigurationPlatforms) = preSolution
		Debug|Any CPU = Debug|Any CPU
		Release|Any CPU = Release|Any CPU
	EndGlobalSection
	GlobalSection(ProjectConfigurationPlatforms) = postSolution
		{D8BCB4FC-32B2-4266-8AF6-D1F041199E49}.Debug|Any CPU.ActiveCfg = Debug|Any CPU
		{D8BCB4FC-32B2-4266-8AF6-D1F041199E49}.Debug|Any CPU.Build.0 = Debug|Any CPU
		{D8BCB4FC-32B2-4266-8AF6-D1F041199E49}.Release|Any CPU.ActiveCfg = Release|Any CPU
		{D8BCB4FC-32B2-4266-8AF6-D1F041199E49}.Release|Any CPU.Build.0 = Release|Any CPU
		{96EA266A-5B21-41A5-B1FB-CF5446D82FCE}.Debug|Any CPU.ActiveCfg = Debug|Any CPU
		{96EA266A-5B21-41A5-B1FB-CF5446D82FCE}.Debug|Any CPU.Build.0 = Debug|Any CPU
		{96EA266A-5B21-41A5-B1FB-CF5446D82FCE}.Release|Any CPU.ActiveCfg = Release|Any CPU
		{96EA266A-5B21-41A5-B1FB-CF5446D82FCE}.Release|Any CPU.Build.0 = Release|Any CPU
		{34BE8943-1CF1-4F1B-A9A5-BDB665B642B1}.Debug|Any CPU.ActiveCfg = Debug|Any CPU
		{34BE8943-1CF1-4F1B-A9A5-BDB665B642B1}.Debug|Any CPU.Build.0 = Debug|Any CPU
		{34BE8943-1CF1-4F1B-A9A5-BDB665B642B1}.Release|Any CPU.ActiveCfg = Release|Any CPU
		{34BE8943-1CF1-4F1B-A9A5-BDB665B642B1}.Release|Any CPU.Build.0 = Release|Any CPU
		{992D5B15-424E-4573-B37A-B0028BB909C3}.Debug|Any CPU.ActiveCfg = Debug|Any CPU
		{992D5B15-424E-4573-B37A-B0028BB909C3}.Debug|Any CPU.Build.0 = Debug|Any CPU
		{992D5B15-424E-4573-B37A-B0028BB909C3}.Release|Any CPU.ActiveCfg = Release|Any CPU
		{992D5B15-424E-4573-B37A-B0028BB909C3}.Release|Any CPU.Build.0 = Release|Any CPU
		{CFFF780F-21CE-4946-A78A-DEEDD44FFC4F}.Debug|Any CPU.ActiveCfg = Debug|Any CPU
		{CFFF780F-21CE-4946-A78A-DEEDD44FFC4F}.Debug|Any CPU.Build.0 = Debug|Any CPU
		{CFFF780F-21CE-4946-A78A-DEEDD44FFC4F}.Release|Any CPU.ActiveCfg = Release|Any CPU
		{CFFF780F-21CE-4946-A78A-DEEDD44FFC4F}.Release|Any CPU.Build.0 = Release|Any CPU
		{3B6C1EB8-97D7-4FB1-8E3F-56C0ABB7C67D}.Debug|Any CPU.ActiveCfg = Debug|Any CPU
		{3B6C1EB8-97D7-4FB1-8E3F-56C0ABB7C67D}.Debug|Any CPU.Build.0 = Debug|Any CPU
		{3B6C1EB8-97D7-4FB1-8E3F-56C0ABB7C67D}.Release|Any CPU.ActiveCfg = Release|Any CPU
		{3B6C1EB8-97D7-4FB1-8E3F-56C0ABB7C67D}.Release|Any CPU.Build.0 = Release|Any CPU
		{95DBC7AA-3C65-4A0A-A843-72BDF18A146E}.Debug|Any CPU.ActiveCfg = Debug|Any CPU
		{95DBC7AA-3C65-4A0A-A843-72BDF18A146E}.Debug|Any CPU.Build.0 = Debug|Any CPU
		{95DBC7AA-3C65-4A0A-A843-72BDF18A146E}.Release|Any CPU.ActiveCfg = Release|Any CPU
		{95DBC7AA-3C65-4A0A-A843-72BDF18A146E}.Release|Any CPU.Build.0 = Release|Any CPU
		{199130F8-E105-4703-ABD5-BAA0267EF842}.Debug|Any CPU.ActiveCfg = Debug|Any CPU
		{199130F8-E105-4703-ABD5-BAA0267EF842}.Debug|Any CPU.Build.0 = Debug|Any CPU
		{199130F8-E105-4703-ABD5-BAA0267EF842}.Debug|Any CPU.Deploy.0 = Debug|Any CPU
		{199130F8-E105-4703-ABD5-BAA0267EF842}.Release|Any CPU.ActiveCfg = Release|Any CPU
		{199130F8-E105-4703-ABD5-BAA0267EF842}.Release|Any CPU.Build.0 = Release|Any CPU
		{199130F8-E105-4703-ABD5-BAA0267EF842}.Release|Any CPU.Deploy.0 = Release|Any CPU
	EndGlobalSection
	GlobalSection(SolutionProperties) = preSolution
		HideSolutionNode = FALSE
	EndGlobalSection
	GlobalSection(NestedProjects) = preSolution
		{D8BCB4FC-32B2-4266-8AF6-D1F041199E49} = {A795C173-80F0-4581-B615-7E8E89660455}
		{96EA266A-5B21-41A5-B1FB-CF5446D82FCE} = {9B4A0B38-FD19-477F-AA1D-9EA6A338BD1F}
		{3B787139-B6EE-4B1F-AEB6-780765D8473C} = {2A81E8EA-9453-4BE4-A932-5C8490F0DB74}
		{34BE8943-1CF1-4F1B-A9A5-BDB665B642B1} = {3B787139-B6EE-4B1F-AEB6-780765D8473C}
		{992D5B15-424E-4573-B37A-B0028BB909C3} = {2A81E8EA-9453-4BE4-A932-5C8490F0DB74}
		{CFFF780F-21CE-4946-A78A-DEEDD44FFC4F} = {3B787139-B6EE-4B1F-AEB6-780765D8473C}
		{3B6C1EB8-97D7-4FB1-8E3F-56C0ABB7C67D} = {A795C173-80F0-4581-B615-7E8E89660455}
		{95DBC7AA-3C65-4A0A-A843-72BDF18A146E} = {3B787139-B6EE-4B1F-AEB6-780765D8473C}
		{199130F8-E105-4703-ABD5-BAA0267EF842} = {9B4A0B38-FD19-477F-AA1D-9EA6A338BD1F}
	EndGlobalSection
	GlobalSection(ExtensibilityGlobals) = postSolution
		SolutionGuid = {14EFA380-460A-409F-81D6-507AE9489D59}
	EndGlobalSection
EndGlobal
